
Microsoft Visual Studio Solution File, Format Version 12.00
# Visual Studio for Mac
Project("{FAE04EC0-301F-11D3-BF4B-00C04F79EFBC}") = "Assembly-CSharp", "Assembly-CSharp.csproj", "{79F09E33-02FC-738C-1FDE-4D4FC91701E5}"
EndProject
Project("{FAE04EC0-301F-11D3-BF4B-00C04F79EFBC}") = "Assembly-CSharp-Editor", "Assembly-CSharp-Editor.csproj", "{A2EDD171-1E0D-C3FD-C096-A7D05896F6B0}"
EndProject
Global
	GlobalSection(SolutionConfigurationPlatforms) = preSolution
		Debug|Any CPU = Debug|Any CPU
		Release|Any CPU = Release|Any CPU
	EndGlobalSection
	GlobalSection(ProjectConfigurationPlatforms) = postSolution
		{79F09E33-02FC-738C-1FDE-4D4FC91701E5}.Debug|Any CPU.ActiveCfg = Debug|Any CPU
		{79F09E33-02FC-738C-1FDE-4D4FC91701E5}.Debug|Any CPU.Build.0 = Debug|Any CPU
		{79F09E33-02FC-738C-1FDE-4D4FC91701E5}.Release|Any CPU.ActiveCfg = Release|Any CPU
		{79F09E33-02FC-738C-1FDE-4D4FC91701E5}.Release|Any CPU.Build.0 = Release|Any CPU
		{A2EDD171-1E0D-C3FD-C096-A7D05896F6B0}.Debug|Any CPU.ActiveCfg = Debug|Any CPU
		{A2EDD171-1E0D-C3FD-C096-A7D05896F6B0}.Debug|Any CPU.Build.0 = Debug|Any CPU
		{A2EDD171-1E0D-C3FD-C096-A7D05896F6B0}.Release|Any CPU.ActiveCfg = Release|Any CPU
		{A2EDD171-1E0D-C3FD-C096-A7D05896F6B0}.Release|Any CPU.Build.0 = Release|Any CPU
	EndGlobalSection
	GlobalSection(SolutionProperties) = preSolution
		HideSolutionNode = FALSE
	EndGlobalSection
EndGlobal
